
Microsoft Visual Studio Solution File, Format Version 11.00
# Visual Studio 2010
Project("{FAE04EC0-301F-11D3-BF4B-00C04F79EFBC}") = "CSHARP Chapter 13 Exercise 13.10", "CSHARP Chapter 13 Exercise 13.10\CSHARP Chapter 13 Exercise 13.10.csproj", "{3EF68A91-3A89-434E-A010-DA98609B6D19}"
EndProject
Global
	GlobalSection(SolutionConfigurationPlatforms) = preSolution
		Debug|x86 = Debug|x86
		Release|x86 = Release|x86
	EndGlobalSection
	GlobalSection(ProjectConfigurationPlatforms) = postSolution
		{3EF68A91-3A89-434E-A010-DA98609B6D19}.Debug|x86.ActiveCfg = Debug|x86
		{3EF68A91-3A89-434E-A010-DA98609B6D19}.Debug|x86.Build.0 = Debug|x86
		{3EF68A91-3A89-434E-A010-DA98609B6D19}.Release|x86.ActiveCfg = Release|x86
		{3EF68A91-3A89-434E-A010-DA98609B6D19}.Release|x86.Build.0 = Release|x86
	EndGlobalSection
	GlobalSection(SolutionProperties) = preSolution
		HideSolutionNode = FALSE
	EndGlobalSection
EndGlobal
